// !$*UTF8*$!
{
	archiveVersion = 1;
	classes = {
	};
	objectVersion = 50;
	objects = {

/* Begin PBXBuildFile section */
		16153C6E20C5E8920019B378 /* AppDelegate.m in Sources */ = {isa = PBXBuildFile; fileRef = 16153C6D20C5E8920019B378 /* AppDelegate.m */; };
		16153C7420C5E8920019B378 /* Main.storyboard in Resources */ = {isa = PBXBuildFile; fileRef = 16153C7220C5E8920019B378 /* Main.storyboard */; };
		16153C7620C5E8930019B378 /* Assets.xcassets in Resources */ = {isa = PBXBuildFile; fileRef = 16153C7520C5E8930019B378 /* Assets.xcassets */; };
		16153C7920C5E8930019B378 /* LaunchScreen.storyboard in Resources */ = {isa = PBXBuildFile; fileRef = 16153C7720C5E8930019B378 /* LaunchScreen.storyboard */; };
		16153C7C20C5E8930019B378 /* main.m in Sources */ = {isa = PBXBuildFile; fileRef = 16153C7B20C5E8930019B378 /* main.m */; };
		16153C8F20C5EC770019B378 /* StackOverflowUser.m in Sources */ = {isa = PBXBuildFile; fileRef = 16153C8E20C5EC770019B378 /* StackOverflowUser.m */; };
		16153C9220C5F5A00019B378 /* StackOverflowUserController.m in Sources */ = {isa = PBXBuildFile; fileRef = 16153C9120C5F5A00019B378 /* StackOverflowUserController.m */; };
/* End PBXBuildFile section */

/* Begin PBXFileReference section */
		16153C6920C5E8910019B378 /* WagCodeChallengeObj-C.app */ = {isa = PBXFileReference; explicitFileType = wrapper.application; includeInIndex = 0; path = "WagCodeChallengeObj-C.app"; sourceTree = BUILT_PRODUCTS_DIR; };
		16153C6C20C5E8910019B378 /* AppDelegate.h */ = {isa = PBXFileReference; lastKnownFileType = sourcecode.c.h; path = AppDelegate.h; sourceTree = "<group>"; };
		16153C6D20C5E8920019B378 /* AppDelegate.m */ = {isa = PBXFileReference; lastKnownFileType = sourcecode.c.objc; path = AppDelegate.m; sourceTree = "<group>"; };
		16153C7320C5E8920019B378 /* Base */ = {isa = PBXFileReference; lastKnownFileType = file.storyboard; name = Base; path = Base.lproj/Main.storyboard; sourceTree = "<group>"; };
		16153C7520C5E8930019B378 /* Assets.xcassets */ = {isa = PBXFileReference; lastKnownFileType = folder.assetcatalog; path = Assets.xcassets; sourceTree = "<group>"; };
		16153C7820C5E8930019B378 /* Base */ = {isa = PBXFileReference; lastKnownFileType = file.storyboard; name = Base; path = Base.lproj/LaunchScreen.storyboard; sourceTree = "<group>"; };
		16153C7A20C5E8930019B378 /* Info.plist */ = {isa = PBXFileReference; lastKnownFileType = text.plist.xml; path = Info.plist; sourceTree = "<group>"; };
		16153C7B20C5E8930019B378 /* main.m */ = {isa = PBXFileReference; lastKnownFileType = sourcecode.c.objc; path = main.m; sourceTree = "<group>"; };
		16153C8D20C5EC770019B378 /* StackOverflowUser.h */ = {isa = PBXFileReference; lastKnownFileType = sourcecode.c.h; path = StackOverflowUser.h; sourceTree = "<group>"; };
		16153C8E20C5EC770019B378 /* StackOverflowUser.m */ = {isa = PBXFileReference; lastKnownFileType = sourcecode.c.objc; path = StackOverflowUser.m; sourceTree = "<group>"; };
		16153C9020C5F5A00019B378 /* StackOverflowUserController.h */ = {isa = PBXFileReference; lastKnownFileType = sourcecode.c.h; path = StackOverflowUserController.h; sourceTree = "<group>"; };
		16153C9120C5F5A00019B378 /* StackOverflowUserController.m */ = {isa = PBXFileReference; lastKnownFileType = sourcecode.c.objc; path = StackOverflowUserController.m; sourceTree = "<group>"; };
/* End PBXFileReference section */

/* Begin PBXFrameworksBuildPhase section */
		16153C6620C5E8910019B378 /* Frameworks */ = {
			isa = PBXFrameworksBuildPhase;
			buildActionMask = 2147483647;
			files = (
			);
			runOnlyForDeploymentPostprocessing = 0;
		};
/* End PBXFrameworksBuildPhase section */

/* Begin PBXGroup section */
		16153C6020C5E8910019B378 = {
			isa = PBXGroup;
			children = (
				16153C6B20C5E8910019B378 /* WagCodeChallengeObj-C */,
				16153C6A20C5E8910019B378 /* Products */,
			);
			sourceTree = "<group>";
		};
		16153C6A20C5E8910019B378 /* Products */ = {
			isa = PBXGroup;
			children = (
				16153C6920C5E8910019B378 /* WagCodeChallengeObj-C.app */,
			);
			name = Products;
			sourceTree = "<group>";
		};
		16153C6B20C5E8910019B378 /* WagCodeChallengeObj-C */ = {
			isa = PBXGroup;
			children = (
				16153C8620C5EA370019B378 /* Model */,
				16153C8520C5EA2E0019B378 /* Model Controller */,
				16153C8420C5EA240019B378 /* View Controller */,
				16153C8220C5E9F00019B378 /* Storyboards */,
				16153C8320C5E9FF0019B378 /* Resources */,
			);
			path = "WagCodeChallengeObj-C";
			sourceTree = "<group>";
		};
		16153C8220C5E9F00019B378 /* Storyboards */ = {
			isa = PBXGroup;
			children = (
				16153C7220C5E8920019B378 /* Main.storyboard */,
				16153C7720C5E8930019B378 /* LaunchScreen.storyboard */,
			);
			path = Storyboards;
			sourceTree = "<group>";
		};
		16153C8320C5E9FF0019B378 /* Resources */ = {
			isa = PBXGroup;
			children = (
				16153C7B20C5E8930019B378 /* main.m */,
				16153C6C20C5E8910019B378 /* AppDelegate.h */,
				16153C6D20C5E8920019B378 /* AppDelegate.m */,
				16153C7520C5E8930019B378 /* Assets.xcassets */,
				16153C7A20C5E8930019B378 /* Info.plist */,
			);
			path = Resources;
			sourceTree = "<group>";
		};
		16153C8420C5EA240019B378 /* View Controller */ = {
			isa = PBXGroup;
			children = (
			);
			path = "View Controller";
			sourceTree = "<group>";
		};
		16153C8520C5EA2E0019B378 /* Model Controller */ = {
			isa = PBXGroup;
			children = (
				16153C9020C5F5A00019B378 /* StackOverflowUserController.h */,
				16153C9120C5F5A00019B378 /* StackOverflowUserController.m */,
			);
			path = "Model Controller";
			sourceTree = "<group>";
		};
		16153C8620C5EA370019B378 /* Model */ = {
			isa = PBXGroup;
			children = (
				16153C8D20C5EC770019B378 /* StackOverflowUser.h */,
				16153C8E20C5EC770019B378 /* StackOverflowUser.m */,
			);
			path = Model;
			sourceTree = "<group>";
		};
/* End PBXGroup section */

/* Begin PBXNativeTarget section */
		16153C6820C5E8910019B378 /* WagCodeChallengeObj-C */ = {
			isa = PBXNativeTarget;
			buildConfigurationList = 16153C7F20C5E8930019B378 /* Build configuration list for PBXNativeTarget "WagCodeChallengeObj-C" */;
			buildPhases = (
				16153C6520C5E8910019B378 /* Sources */,
				16153C6620C5E8910019B378 /* Frameworks */,
				16153C6720C5E8910019B378 /* Resources */,
			);
			buildRules = (
			);
			dependencies = (
			);
			name = "WagCodeChallengeObj-C";
			productName = "WagCodeChallengeObj-C";
			productReference = 16153C6920C5E8910019B378 /* WagCodeChallengeObj-C.app */;
			productType = "com.apple.product-type.application";
		};
/* End PBXNativeTarget section */

/* Begin PBXProject section */
		16153C6120C5E8910019B378 /* Project object */ = {
			isa = PBXProject;
			attributes = {
				LastUpgradeCheck = 0930;
				ORGANIZATIONNAME = "Taylor Bills";
				TargetAttributes = {
					16153C6820C5E8910019B378 = {
						CreatedOnToolsVersion = 9.3;
					};
				};
			};
			buildConfigurationList = 16153C6420C5E8910019B378 /* Build configuration list for PBXProject "WagCodeChallengeObj-C" */;
			compatibilityVersion = "Xcode 9.3";
			developmentRegion = en;
			hasScannedForEncodings = 0;
			knownRegions = (
				en,
				Base,
			);
			mainGroup = 16153C6020C5E8910019B378;
			productRefGroup = 16153C6A20C5E8910019B378 /* Products */;
			projectDirPath = "";
			projectRoot = "";
			targets = (
				16153C6820C5E8910019B378 /* WagCodeChallengeObj-C */,
			);
		};
/* End PBXProject section */

/* Begin PBXResourcesBuildPhase section */
		16153C6720C5E8910019B378 /* Resources */ = {
			isa = PBXResourcesBuildPhase;
			buildActionMask = 2147483647;
			files = (
				16153C7920C5E8930019B378 /* LaunchScreen.storyboard in Resources */,
				16153C7620C5E8930019B378 /* Assets.xcassets in Resources */,
				16153C7420C5E8920019B378 /* Main.storyboard in Resources */,
			);
			runOnlyForDeploymentPostprocessing = 0;
		};
/* End PBXResourcesBuildPhase section */

/* Begin PBXSourcesBuildPhase section */
		16153C6520C5E8910019B378 /* Sources */ = {
			isa = PBXSourcesBuildPhase;
			buildActionMask = 2147483647;
			files = (
				16153C7C20C5E8930019B378 /* main.m in Sources */,
				16153C9220C5F5A00019B378 /* StackOverflowUserController.m in Sources */,
				16153C8F20C5EC770019B378 /* StackOverflowUser.m in Sources */,
				16153C6E20C5E8920019B378 /* AppDelegate.m in Sources */,
			);
			runOnlyForDeploymentPostprocessing = 0;
		};
/* End PBXSourcesBuildPhase section */

/* Begin PBXVariantGroup section */
		16153C7220C5E8920019B378 /* Main.storyboard */ = {
			isa = PBXVariantGroup;
			children = (
				16153C7320C5E8920019B378 /* Base */,
			);
			name = Main.storyboard;
			sourceTree = "<group>";
		};
		16153C7720C5E8930019B378 /* LaunchScreen.storyboard */ = {
			isa = PBXVariantGroup;
			children = (
				16153C7820C5E8930019B378 /* Base */,
			);
			name = LaunchScreen.storyboard;
			sourceTree = "<group>";
		};
/* End PBXVariantGroup section */

/* Begin XCBuildConfiguration section */
		16153C7D20C5E8930019B378 /* Debug */ = {
			isa = XCBuildConfiguration;
			buildSettings = {
				ALWAYS_SEARCH_USER_PATHS = NO;
				CLANG_ANALYZER_NONNULL = YES;
				CLANG_ANALYZER_NUMBER_OBJECT_CONVERSION = YES_AGGRESSIVE;
				CLANG_CXX_LANGUAGE_STANDARD = "gnu++14";
				CLANG_CXX_LIBRARY = "libc++";
				CLANG_ENABLE_MODULES = YES;
				CLANG_ENABLE_OBJC_ARC = YES;
				CLANG_ENABLE_OBJC_WEAK = YES;
				CLANG_WARN_BLOCK_CAPTURE_AUTORELEASING = YES;
				CLANG_WARN_BOOL_CONVERSION = YES;
				CLANG_WARN_COMMA = YES;
				CLANG_WARN_CONSTANT_CONVERSION = YES;
				CLANG_WARN_DEPRECATED_OBJC_IMPLEMENTATIONS = YES;
				CLANG_WARN_DIRECT_OBJC_ISA_USAGE = YES_ERROR;
				CLANG_WARN_DOCUMENTATION_COMMENTS = YES;
				CLANG_WARN_EMPTY_BODY = YES;
				CLANG_WARN_ENUM_CONVERSION = YES;
				CLANG_WARN_INFINITE_RECURSION = YES;
				CLANG_WARN_INT_CONVERSION = YES;
				CLANG_WARN_NON_LITERAL_NULL_CONVERSION = YES;
				CLANG_WARN_OBJC_IMPLICIT_RETAIN_SELF = YES;
				CLANG_WARN_OBJC_LITERAL_CONVERSION = YES;
				CLANG_WARN_OBJC_ROOT_CLASS = YES_ERROR;
				CLANG_WARN_RANGE_LOOP_ANALYSIS = YES;
				CLANG_WARN_STRICT_PROTOTYPES = YES;
				CLANG_WARN_SUSPICIOUS_MOVE = YES;
				CLANG_WARN_UNGUARDED_AVAILABILITY = YES_AGGRESSIVE;
				CLANG_WARN_UNREACHABLE_CODE = YES;
				CLANG_WARN__DUPLICATE_METHOD_MATCH = YES;
				CODE_SIGN_IDENTITY = "iPhone Developer";
				COPY_PHASE_STRIP = NO;
				DEBUG_INFORMATION_FORMAT = dwarf;
				ENABLE_STRICT_OBJC_MSGSEND = YES;
				ENABLE_TESTABILITY = YES;
				GCC_C_LANGUAGE_STANDARD = gnu11;
				GCC_DYNAMIC_NO_PIC = NO;
				GCC_NO_COMMON_BLOCKS = YES;
				GCC_OPTIMIZATION_LEVEL = 0;
				GCC_PREPROCESSOR_DEFINITIONS = (
					"DEBUG=1",
					"$(inherited)",
				);
				GCC_WARN_64_TO_32_BIT_CONVERSION = YES;
				GCC_WARN_ABOUT_RETURN_TYPE = YES_ERROR;
				GCC_WARN_UNDECLARED_SELECTOR = YES;
				GCC_WARN_UNINITIALIZED_AUTOS = YES_AGGRESSIVE;
				GCC_WARN_UNUSED_FUNCTION = YES;
				GCC_WARN_UNUSED_VARIABLE = YES;
				IPHONEOS_DEPLOYMENT_TARGET = 11.3;
				MTL_ENABLE_DEBUG_INFO = YES;
				ONLY_ACTIVE_ARCH = YES;
				SDKROOT = iphoneos;
			};
			name = Debug;
		};
		16153C7E20C5E8930019B378 /* Release */ = {
			isa = XCBuildConfiguration;
			buildSettings = {
				ALWAYS_SEARCH_USER_PATHS = NO;
				CLANG_ANALYZER_NONNULL = YES;
				CLANG_ANALYZER_NUMBER_OBJECT_CONVERSION = YES_AGGRESSIVE;
				CLANG_CXX_LANGUAGE_STANDARD = "gnu++14";
				CLANG_CXX_LIBRARY = "libc++";
				CLANG_ENABLE_MODULES = YES;
				CLANG_ENABLE_OBJC_ARC = YES;
				CLANG_ENABLE_OBJC_WEAK = YES;
				CLANG_WARN_BLOCK_CAPTURE_AUTORELEASING = YES;
				CLANG_WARN_BOOL_CONVERSION = YES;
				CLANG_WARN_COMMA = YES;
				CLANG_WARN_CONSTANT_CONVERSION = YES;
				CLANG_WARN_DEPRECATED_OBJC_IMPLEMENTATIONS = YES;
				CLANG_WARN_DIRECT_OBJC_ISA_USAGE = YES_ERROR;
				CLANG_WARN_DOCUMENTATION_COMMENTS = YES;
				CLANG_WARN_EMPTY_BODY = YES;
				CLANG_WARN_ENUM_CONVERSION = YES;
				CLANG_WARN_INFINITE_RECURSION = YES;
				CLANG_WARN_INT_CONVERSION = YES;
				CLANG_WARN_NON_LITERAL_NULL_CONVERSION = YES;
				CLANG_WARN_OBJC_IMPLICIT_RETAIN_SELF = YES;
				CLANG_WARN_OBJC_LITERAL_CONVERSION = YES;
				CLANG_WARN_OBJC_ROOT_CLASS = YES_ERROR;
				CLANG_WARN_RANGE_LOOP_ANALYSIS = YES;
				CLANG_WARN_STRICT_PROTOTYPES = YES;
				CLANG_WARN_SUSPICIOUS_MOVE = YES;
				CLANG_WARN_UNGUARDED_AVAILABILITY = YES_AGGRESSIVE;
				CLANG_WARN_UNREACHABLE_CODE = YES;
				CLANG_WARN__DUPLICATE_METHOD_MATCH = YES;
				CODE_SIGN_IDENTITY = "iPhone Developer";
				COPY_PHASE_STRIP = NO;
				DEBUG_INFORMATION_FORMAT = "dwarf-with-dsym";
				ENABLE_NS_ASSERTIONS = NO;
				ENABLE_STRICT_OBJC_MSGSEND = YES;
				GCC_C_LANGUAGE_STANDARD = gnu11;
				GCC_NO_COMMON_BLOCKS = YES;
				GCC_WARN_64_TO_32_BIT_CONVERSION = YES;
				GCC_WARN_ABOUT_RETURN_TYPE = YES_ERROR;
				GCC_WARN_UNDECLARED_SELECTOR = YES;
				GCC_WARN_UNINITIALIZED_AUTOS = YES_AGGRESSIVE;
				GCC_WARN_UNUSED_FUNCTION = YES;
				GCC_WARN_UNUSED_VARIABLE = YES;
				IPHONEOS_DEPLOYMENT_TARGET = 11.3;
				MTL_ENABLE_DEBUG_INFO = NO;
				SDKROOT = iphoneos;
				VALIDATE_PRODUCT = YES;
			};
			name = Release;
		};
		16153C8020C5E8930019B378 /* Debug */ = {
			isa = XCBuildConfiguration;
			buildSettings = {
				ASSETCATALOG_COMPILER_APPICON_NAME = AppIcon;
				CODE_SIGN_STYLE = Automatic;
				DEVELOPMENT_TEAM = NZ5N56B84J;
				INFOPLIST_FILE = "$(SRCROOT)/WagCodeChallengeObj-C/Resources/Info.plist";
				IPHONEOS_DEPLOYMENT_TARGET = 10.0;
				LD_RUNPATH_SEARCH_PATHS = (
					"$(inherited)",
					"@executable_path/Frameworks",
				);
				PRODUCT_BUNDLE_IDENTIFIER = "com.TAYLORBILLS.WagCodeChallengeObj-C";
				PRODUCT_NAME = "$(TARGET_NAME)";
				TARGETED_DEVICE_FAMILY = "1,2";
			};
			name = Debug;
		};
		16153C8120C5E8930019B378 /* Release */ = {
			isa = XCBuildConfiguration;
			buildSettings = {
				ASSETCATALOG_COMPILER_APPICON_NAME = AppIcon;
				CODE_SIGN_STYLE = Automatic;
				DEVELOPMENT_TEAM = NZ5N56B84J;
				INFOPLIST_FILE = "$(SRCROOT)/WagCodeChallengeObj-C/Resources/Info.plist";
				IPHONEOS_DEPLOYMENT_TARGET = 10.0;
				LD_RUNPATH_SEARCH_PATHS = (
					"$(inherited)",
					"@executable_path/Frameworks",
				);
				PRODUCT_BUNDLE_IDENTIFIER = "com.TAYLORBILLS.WagCodeChallengeObj-C";
				PRODUCT_NAME = "$(TARGET_NAME)";
				TARGETED_DEVICE_FAMILY = "1,2";
			};
			name = Release;
		};
/* End XCBuildConfiguration section */

/* Begin XCConfigurationList section */
		16153C6420C5E8910019B378 /* Build configuration list for PBXProject "WagCodeChallengeObj-C" */ = {
			isa = XCConfigurationList;
			buildConfigurations = (
				16153C7D20C5E8930019B378 /* Debug */,
				16153C7E20C5E8930019B378 /* Release */,
			);
			defaultConfigurationIsVisible = 0;
			defaultConfigurationName = Release;
		};
		16153C7F20C5E8930019B378 /* Build configuration list for PBXNativeTarget "WagCodeChallengeObj-C" */ = {
			isa = XCConfigurationList;
			buildConfigurations = (
				16153C8020C5E8930019B378 /* Debug */,
				16153C8120C5E8930019B378 /* Release */,
			);
			defaultConfigurationIsVisible = 0;
			defaultConfigurationName = Release;
		};
/* End XCConfigurationList section */
	};
	rootObject = 16153C6120C5E8910019B378 /* Project object */;
}
